
Microsoft Visual Studio Solution File, Format Version 12.00
# Visual Studio 14
VisualStudioVersion = 14.0.25420.1
MinimumVisualStudioVersion = 10.0.40219.1
Project("{FAE04EC0-301F-11D3-BF4B-00C04F79EFBC}") = "TwitchBot", "TwitchBot\TwitchBot.csproj", "{392BF785-5AC7-466E-8F4E-88AFB0B451CC}"
EndProject
Project("{FAE04EC0-301F-11D3-BF4B-00C04F79EFBC}") = "TwitchBotApi", "TwitchBotApi\TwitchBotApi.csproj", "{D07A8E11-A1E8-4CC7-BB7D-FFF525AFCED9}"
EndProject
Project("{FAE04EC0-301F-11D3-BF4B-00C04F79EFBC}") = "TwitchBotScripts", "TwitchBotScripts\TwitchBotScripts.csproj", "{047CD462-3F29-4D92-91CD-3A70AED0F982}"
EndProject
Global
	GlobalSection(SolutionConfigurationPlatforms) = preSolution
		Debug|Any CPU = Debug|Any CPU
		Release|Any CPU = Release|Any CPU
	EndGlobalSection
	GlobalSection(ProjectConfigurationPlatforms) = postSolution
		{392BF785-5AC7-466E-8F4E-88AFB0B451CC}.Debug|Any CPU.ActiveCfg = Debug|Any CPU
		{392BF785-5AC7-466E-8F4E-88AFB0B451CC}.Debug|Any CPU.Build.0 = Debug|Any CPU
		{392BF785-5AC7-466E-8F4E-88AFB0B451CC}.Release|Any CPU.ActiveCfg = Release|Any CPU
		{392BF785-5AC7-466E-8F4E-88AFB0B451CC}.Release|Any CPU.Build.0 = Release|Any CPU
		{D07A8E11-A1E8-4CC7-BB7D-FFF525AFCED9}.Debug|Any CPU.ActiveCfg = Debug|Any CPU
		{D07A8E11-A1E8-4CC7-BB7D-FFF525AFCED9}.Debug|Any CPU.Build.0 = Debug|Any CPU
		{D07A8E11-A1E8-4CC7-BB7D-FFF525AFCED9}.Release|Any CPU.ActiveCfg = Release|Any CPU
		{D07A8E11-A1E8-4CC7-BB7D-FFF525AFCED9}.Release|Any CPU.Build.0 = Release|Any CPU
		{047CD462-3F29-4D92-91CD-3A70AED0F982}.Debug|Any CPU.ActiveCfg = Debug|Any CPU
		{047CD462-3F29-4D92-91CD-3A70AED0F982}.Debug|Any CPU.Build.0 = Debug|Any CPU
		{047CD462-3F29-4D92-91CD-3A70AED0F982}.Release|Any CPU.ActiveCfg = Release|Any CPU
		{047CD462-3F29-4D92-91CD-3A70AED0F982}.Release|Any CPU.Build.0 = Release|Any CPU
	EndGlobalSection
	GlobalSection(SolutionProperties) = preSolution
		HideSolutionNode = FALSE
	EndGlobalSection
EndGlobal
